{
  "version": 1,
  "dependencies": {
    "net10.0": {
      "GraphQL-Parser": {
        "type": "Direct",
        "requested": "[9.5.0, )",
        "resolved": "9.5.0",
        "contentHash": "5XWJGKHdVi8pyD4P0EglmJmlXEGs0HzvGlEBf3+/Ve1jLYBBKIOkKvY0Ej17b9Kn1bbBxkrmghqbmsMbkLL1nQ=="
      },
      "GraphQL.Client": {
        "type": "Direct",
        "requested": "[6.1.0, )",
        "resolved": "6.1.0",
        "contentHash": "oKliAxtNuZDMxO9079mjSbwA0YwhjXBzVnVPuNZ3HI4OllO++CcOLT30l90mM/fxCAMaa8GU4ZYMwD9YjLkyiw==",
        "dependencies": {
          "GraphQL.Client.Abstractions": "6.1.0",
          "GraphQL.Client.Abstractions.Websocket": "6.1.0",
          "System.Reactive": "6.0.0"
        }
      },
      "GraphQL.Client.Serializer.SystemTextJson": {
        "type": "Direct",
        "requested": "[6.1.0, )",
        "resolved": "6.1.0",
        "contentHash": "9NoK4aFbSoKy+k2DaetliutrMbDSaKSDfhIaYU7NhqQXVE02eobpL2JxG4HBwxTqwzEonsbcew3i/g1cE9QucQ==",
        "dependencies": {
          "GraphQL.Client.Abstractions.Websocket": "6.1.0"
        }
      },
      "GraphQL.MemoryCache": {
        "type": "Direct",
        "requested": "[8.7.0, )",
        "resolved": "8.7.0",
        "contentHash": "6KN/LsrwRjq5Lsmx2HGOlX6UjY2zat0N3Hloa2EDuXh0Xx6PBoQxJBbBIY+xK5qI2AoYpN53i10sMG0kh6Zoog==",
        "dependencies": {
          "GraphQL": "[8.7.0, 9.0.0)"
        }
      },
      "GraphQL.Server.All": {
        "type": "Direct",
        "requested": "[8.3.2, )",
        "resolved": "8.3.2",
        "contentHash": "6BEuZGGKXxuXc+b3HQe/DOxA+JZtMvBlgyr2TFQl3tq9HP4LXTZkw8PG2kQfmRV+5Xm7M2JU2nrXnq0CmiD09g==",
        "dependencies": {
          "GraphQL.DataLoader": "[8.3.0, 9.0.0)",
          "GraphQL.MemoryCache": "[8.3.0, 9.0.0)",
          "GraphQL.Server.Transports.AspNetCore": "[8.3.2, 9.0.0)",
          "GraphQL.Server.Ui.Altair": "8.3.2",
          "GraphQL.Server.Ui.GraphiQL": "8.3.2",
          "GraphQL.Server.Ui.Playground": "8.3.2",
          "GraphQL.Server.Ui.Voyager": "8.3.2"
        }
      },
      "Microsoft.Extensions.Http.Resilience": {
        "type": "Direct",
        "requested": "[9.10.0, )",
        "resolved": "9.10.0",
        "contentHash": "4Bt58q+Oqpj4VYm3T7hcmsb1zVhmUTNNggDkjlWBIv3bv6MVRPGqIokK2tRHsD8bM4i3GkJLRWe8lQwbsWS6PQ==",
        "dependencies": {
          "Microsoft.Extensions.Http.Diagnostics": "9.10.0",
          "Microsoft.Extensions.Resilience": "9.10.0"
        }
      },
      "Serilog.AspNetCore": {
        "type": "Direct",
        "requested": "[9.0.0, )",
        "resolved": "9.0.0",
        "contentHash": "JslDajPlBsn3Pww1554flJFTqROvK9zz9jONNQgn0D8Lx2Trw8L0A8/n6zEQK1DAZWXrJwiVLw8cnTR3YFuYsg==",
        "dependencies": {
          "Serilog": "4.2.0",
          "Serilog.Extensions.Hosting": "9.0.0",
          "Serilog.Formatting.Compact": "3.0.0",
          "Serilog.Settings.Configuration": "9.0.0",
          "Serilog.Sinks.Console": "6.0.0",
          "Serilog.Sinks.Debug": "3.0.0",
          "Serilog.Sinks.File": "6.0.0"
        }
      },
      "Serilog.Settings.AppSettings": {
        "type": "Direct",
        "requested": "[3.0.0, )",
        "resolved": "3.0.0",
        "contentHash": "EWn+uHDDacNfl3qTdU68BrvN4oSJI6oAO08WP5o5vmfyl5VaAGrqiZXsZZUjEoUc7KjUXRnIiLNiDkLTXOKRZA==",
        "dependencies": {
          "Serilog": "4.0.0",
          "System.Configuration.ConfigurationManager": "4.4.1"
        }
      },
      "System.CommandLine": {
        "type": "Direct",
        "requested": "[2.0.0, )",
        "resolved": "2.0.0",
        "contentHash": "Bjklzc5NoxqAGFi7BcGlY2TWAdB06Bq3a5sfRr3ubMRU80Mf98eyq3Y2UgR6xRV0TLznZmfe5T7mUjOunRNcdA=="
      },
      "GraphQL": {
        "type": "Transitive",
        "resolved": "8.7.0",
        "contentHash": "96vcU9fXSiGo5hJ7qJlw1UB4yz6SBlXOS0jrnxC5J2Drg/aTtYcfgUwo/8Dn8of0sJmCDHe954cj7Pvu2aK1fw==",
        "dependencies": {
          "GraphQL-Parser": "9.5.0",
          "GraphQL.Analyzers": "8.7.0"
        }
      },
      "GraphQL.Analyzers": {
        "type": "Transitive",
        "resolved": "8.7.0",
        "contentHash": "ba3fdH038eyCi8D4CcD1t9IyCYfSutPy4CHHgp3lZg2JbPJdWzmL+lNt40DJY7peN5SIfA3eKJkkntU0CV4kjQ=="
      },
      "GraphQL.Client.Abstractions": {
        "type": "Transitive",
        "resolved": "6.1.0",
        "contentHash": "Za31wjKLEeROZYJmp0Lmj/TLQ1Yw6x6QM0JHABcuyMC3OSopr34ufayrtdxtbL1a3129FTVFKOFC0hcooSQoJQ==",
        "dependencies": {
          "GraphQL.Primitives": "6.1.0"
        }
      },
      "GraphQL.Client.Abstractions.Websocket": {
        "type": "Transitive",
        "resolved": "6.1.0",
        "contentHash": "PjdG3q4MzPsa5NiBOBhuIRMRTo59der5bFmX2r1gSS3RIjytwpooxF2RffFCBh16sqbwuH1/dllDcNG+EJt1qA==",
        "dependencies": {
          "GraphQL.Client.Abstractions": "6.1.0"
        }
      },
      "GraphQL.DataLoader": {
        "type": "Transitive",
        "resolved": "8.3.0",
        "contentHash": "yUrYXWzD30u5SUm52xV+85/A6dAexxVMNbJmRnSXueuSpsgV5iHv+hf59+P/T9rHQ85eAYl43jwrqPzNjqt1LA==",
        "dependencies": {
          "GraphQL": "[8.3.0, 9.0.0)"
        }
      },
      "GraphQL.MicrosoftDI": {
        "type": "Transitive",
        "resolved": "8.3.0",
        "contentHash": "xpveJ7cS2f+2BNPtVkjv7UuGvZH+I2Iyik8UMrlipU5diABTnM4NCmcg46qu8rv2xu/DMpiYmQU6q/h5YBWs1g==",
        "dependencies": {
          "GraphQL": "[8.3.0, 9.0.0)"
        }
      },
      "GraphQL.Primitives": {
        "type": "Transitive",
        "resolved": "6.1.0",
        "contentHash": "L8yQ70Wd9p8hMJvnmpgyZfr2R6Q7S0/lPyEBI1tacJa5XzsoJSVtHdmfsMaHyufwk03hlUsBXgNerAs66kxHdA=="
      },
      "GraphQL.Server.Transports.AspNetCore": {
        "type": "Transitive",
        "resolved": "8.3.2",
        "contentHash": "S7DlIBq39SN7M/WH2y8/m6mjNiuH05K3om0jMIInGqJrCpb33KiTJE9APxvfXgh2FAlyhiUfeBMA2rY/bYebWg==",
        "dependencies": {
          "GraphQL.MicrosoftDI": "[8.3.0, 9.0.0)",
          "GraphQL.SystemTextJson": "[8.3.0, 9.0.0)"
        }
      },
      "GraphQL.Server.Ui.Altair": {
        "type": "Transitive",
        "resolved": "8.3.2",
        "contentHash": "sFD7UXqnaac/zK3ljvyeMiDcczXh6BuK1wCVDZh2Zv3OSIrsCJcAFgvwNARjiD+rPgQvp0vACjLVBtAupZLnww=="
      },
      "GraphQL.Server.Ui.GraphiQL": {
        "type": "Transitive",
        "resolved": "8.3.2",
        "contentHash": "C/KJXvKlNcY38QynyTUHNjRjOaBDadDsC9t26DxwkEn1m6fV3cZZIhxY9Y9rCJj1tV8yQwCM4EsZWBloPc9cog=="
      },
      "GraphQL.Server.Ui.Playground": {
        "type": "Transitive",
        "resolved": "8.3.2",
        "contentHash": "oFyOQeynaPHlivoZ+yekBaM/aUTYeHPqpd44vT8htdZ0ZpMug/agU5Xe0SWwnKdrAr0pUjjC6ATg9NNUefiWKQ=="
      },
      "GraphQL.Server.Ui.Voyager": {
        "type": "Transitive",
        "resolved": "8.3.2",
        "contentHash": "kGwg4EH5x13I6xcEPJI/KQXDIQ+Bf+b/JNFNzbLwJ/Qdt/D9dkafrWyF6E4SOW1aZhh0Y8rOGCYb09fJM05HRA=="
      },
      "GraphQL.SystemTextJson": {
        "type": "Transitive",
        "resolved": "8.3.0",
        "contentHash": "iyHgrdhX+aumMb6h6u4oy8kJpyt0+maIGJEeWEoEDPN6uHHv6Xnxkcu5+6NvG3c4reEkhewvRCuQ1ns5DevIsQ==",
        "dependencies": {
          "GraphQL": "[8.3.0, 9.0.0)"
        }
      },
      "Microsoft.Extensions.AmbientMetadata.Application": {
        "type": "Transitive",
        "resolved": "9.10.0",
        "contentHash": "ndm/eoOzk61Csn+ojv5z3Kt7YWAdUNR8ruFaf1b69kSbeqDPoV96f1GR1OWTIrCN9bm83V8CSkhvnnG+LrLTvg=="
      },
      "Microsoft.Extensions.Compliance.Abstractions": {
        "type": "Transitive",
        "resolved": "9.10.0",
        "contentHash": "Tgu40iIg2Kr8s+BoOhb8r8kQfcagwm1VnpnMZA9fd/sD8Hlj13cNpyCfLRrYEBP+VmfmaoficQvRNEUqH+F4mw=="
      },
      "Microsoft.Extensions.DependencyInjection.AutoActivation": {
        "type": "Transitive",
        "resolved": "9.10.0",
        "contentHash": "qk5+lY0MUl7Y77TjM6HzfQPOY4CqoTg281OddyDC5iU2hf+cIxhx0VbNuJH77vqB6qyCP1OsuQmCzvlpf9yxBQ=="
      },
      "Microsoft.Extensions.DependencyModel": {
        "type": "Transitive",
        "resolved": "9.0.0",
        "contentHash": "saxr2XzwgDU77LaQfYFXmddEDRUKHF4DaGMZkNB3qjdVSZlax3//dGJagJkKrGMIPNZs2jVFXITyCCR6UHJNdA=="
      },
      "Microsoft.Extensions.Diagnostics.ExceptionSummarization": {
        "type": "Transitive",
        "resolved": "9.10.0",
        "contentHash": "SRJgt408OA/+v2o47Kjx8Wf+rbCJMmTsbsnkuzVzeP9xfcn4dIoMJXLCKiRlDNzJ3pXLYrXmkyOSY81BehoVHw=="
      },
      "Microsoft.Extensions.Http.Diagnostics": {
        "type": "Transitive",
        "resolved": "9.10.0",
        "contentHash": "3IJjOPm4CRmv7zzjPV+RCyvS4kWJ9BNr1k/MWgRTQds6LcIhAgwh+ToZ8O4fKMFlme0EGLvTm27ARKqp468pQw==",
        "dependencies": {
          "Microsoft.Extensions.Telemetry": "9.10.0"
        }
      },
      "Microsoft.Extensions.Resilience": {
        "type": "Transitive",
        "resolved": "9.10.0",
        "contentHash": "tNptjYbHq73emZok4HBbpV41Afwoclga5LaKux8RV27lOA2lyQxeJFKNTWYQauJmWxxwXmwG7bgitbnIDh4eXA==",
        "dependencies": {
          "Microsoft.Extensions.Diagnostics.ExceptionSummarization": "9.10.0",
          "Microsoft.Extensions.Telemetry.Abstractions": "9.10.0",
          "Polly.Extensions": "8.4.2",
          "Polly.RateLimiting": "8.4.2"
        }
      },
      "Microsoft.Extensions.Telemetry": {
        "type": "Transitive",
        "resolved": "9.10.0",
        "contentHash": "FGEOTEjMB+1T69PLp5GrG4UOsIjcdNQcoiXpC+KV9NRejl6vSMLhVqQ6g6c+cxLXzx8xc2J90GAMhD1wPHjKHg==",
        "dependencies": {
          "Microsoft.Extensions.AmbientMetadata.Application": "9.10.0",
          "Microsoft.Extensions.DependencyInjection.AutoActivation": "9.10.0",
          "Microsoft.Extensions.Telemetry.Abstractions": "9.10.0"
        }
      },
      "Microsoft.Extensions.Telemetry.Abstractions": {
        "type": "Transitive",
        "resolved": "9.10.0",
        "contentHash": "hJflG5if8NqElmybxXDf38d4EPopOo9H+Qg6l5LKTsavqE4CFdA5DIPb9+jjAeL22FN+rs6KuuEIuBPS4PNXvw==",
        "dependencies": {
          "Microsoft.Extensions.Compliance.Abstractions": "9.10.0"
        }
      },
      "Polly.Core": {
        "type": "Transitive",
        "resolved": "8.4.2",
        "contentHash": "BpE2I6HBYYA5tF0Vn4eoQOGYTYIK1BlF5EXVgkWGn3mqUUjbXAr13J6fZVbp7Q3epRR8yshacBMlsHMhpOiV3g=="
      },
      "Polly.Extensions": {
        "type": "Transitive",
        "resolved": "8.4.2",
        "contentHash": "GZ9vRVmR0jV2JtZavt+pGUsQ1O1cuRKG7R7VOZI6ZDy9y6RNPvRvXK1tuS4ffUrv8L0FTea59oEuQzgS0R7zSA==",
        "dependencies": {
          "Polly.Core": "8.4.2"
        }
      },
      "Polly.RateLimiting": {
        "type": "Transitive",
        "resolved": "8.4.2",
        "contentHash": "ehTImQ/eUyO07VYW2WvwSmU9rRH200SKJ/3jku9rOkyWE0A2JxNFmAVms8dSn49QLSjmjFRRSgfNyOgr/2PSmA==",
        "dependencies": {
          "Polly.Core": "8.4.2"
        }
      },
      "Serilog": {
        "type": "Transitive",
        "resolved": "4.2.0",
        "contentHash": "gmoWVOvKgbME8TYR+gwMf7osROiWAURterc6Rt2dQyX7wtjZYpqFiA/pY6ztjGQKKV62GGCyOcmtP1UKMHgSmA=="
      },
      "Serilog.Extensions.Hosting": {
        "type": "Transitive",
        "resolved": "9.0.0",
        "contentHash": "u2TRxuxbjvTAldQn7uaAwePkWxTHIqlgjelekBtilAGL5sYyF3+65NWctN4UrwwGLsDC7c3Vz3HnOlu+PcoxXg==",
        "dependencies": {
          "Serilog": "4.2.0",
          "Serilog.Extensions.Logging": "9.0.0"
        }
      },
      "Serilog.Extensions.Logging": {
        "type": "Transitive",
        "resolved": "9.0.0",
        "contentHash": "NwSSYqPJeKNzl5AuXVHpGbr6PkZJFlNa14CdIebVjK3k/76kYj/mz5kiTRNVSsSaxM8kAIa1kpy/qyT9E4npRQ==",
        "dependencies": {
          "Serilog": "4.2.0"
        }
      },
      "Serilog.Formatting.Compact": {
        "type": "Transitive",
        "resolved": "3.0.0",
        "contentHash": "wQsv14w9cqlfB5FX2MZpNsTawckN4a8dryuNGbebB/3Nh1pXnROHZov3swtu3Nj5oNG7Ba+xdu7Et/ulAUPanQ==",
        "dependencies": {
          "Serilog": "4.0.0"
        }
      },
      "Serilog.Settings.Configuration": {
        "type": "Transitive",
        "resolved": "9.0.0",
        "contentHash": "4/Et4Cqwa+F88l5SeFeNZ4c4Z6dEAIKbu3MaQb2Zz9F/g27T5a3wvfMcmCOaAiACjfUb4A6wrlTVfyYUZk3RRQ==",
        "dependencies": {
          "Microsoft.Extensions.DependencyModel": "9.0.0",
          "Serilog": "4.2.0"
        }
      },
      "Serilog.Sinks.Console": {
        "type": "Transitive",
        "resolved": "6.0.0",
        "contentHash": "fQGWqVMClCP2yEyTXPIinSr5c+CBGUvBybPxjAGcf7ctDhadFhrQw03Mv8rJ07/wR5PDfFjewf2LimvXCDzpbA==",
        "dependencies": {
          "Serilog": "4.0.0"
        }
      },
      "Serilog.Sinks.Debug": {
        "type": "Transitive",
        "resolved": "3.0.0",
        "contentHash": "4BzXcdrgRX7wde9PmHuYd9U6YqycCC28hhpKonK7hx0wb19eiuRj16fPcPSVp0o/Y1ipJuNLYQ00R3q2Zs8FDA==",
        "dependencies": {
          "Serilog": "4.0.0"
        }
      },
      "Serilog.Sinks.File": {
        "type": "Transitive",
        "resolved": "6.0.0",
        "contentHash": "lxjg89Y8gJMmFxVkbZ+qDgjl+T4yC5F7WSLTvA+5q0R04tfKVLRL/EHpYoJ/MEQd2EeCKDuylBIVnAYMotmh2A==",
        "dependencies": {
          "Serilog": "4.0.0"
        }
      },
      "System.Configuration.ConfigurationManager": {
        "type": "Transitive",
        "resolved": "4.4.1",
        "contentHash": "jz3TWKMAeuDEyrPCK5Jyt4bzQcmzUIMcY9Ud6PkElFxTfnsihV+9N/UCqvxe1z5gc7jMYAnj7V1COMS9QKIuHQ==",
        "dependencies": {
          "System.Security.Cryptography.ProtectedData": "4.4.0"
        }
      },
      "System.Reactive": {
        "type": "Transitive",
        "resolved": "6.0.0",
        "contentHash": "31kfaW4ZupZzPsI5PVe77VhnvFF55qgma7KZr/E0iFTs6fmdhhG8j0mgEx620iLTey1EynOkEfnyTjtNEpJzGw=="
      },
      "System.Security.Cryptography.ProtectedData": {
        "type": "Transitive",
        "resolved": "4.4.0",
        "contentHash": "cJV7ScGW7EhatRsjehfvvYVBvtiSMKgN8bOVI0bQhnF5bU7vnHVIsH49Kva7i7GWaWYvmEzkYVk1TC+gZYBEog=="
      }
    }
  }
}