{
  "version": 1,
  "dependencies": {
    "net10.0": {
      "GraphQL-Parser": {
        "type": "Direct",
        "requested": "[9.5.0, )",
        "resolved": "9.5.0",
        "contentHash": "5XWJGKHdVi8pyD4P0EglmJmlXEGs0HzvGlEBf3+/Ve1jLYBBKIOkKvY0Ej17b9Kn1bbBxkrmghqbmsMbkLL1nQ=="
      },
      "GraphQL.Client": {
        "type": "Direct",
        "requested": "[6.1.0, )",
        "resolved": "6.1.0",
        "contentHash": "oKliAxtNuZDMxO9079mjSbwA0YwhjXBzVnVPuNZ3HI4OllO++CcOLT30l90mM/fxCAMaa8GU4ZYMwD9YjLkyiw==",
        "dependencies": {
          "GraphQL.Client.Abstractions": "6.1.0",
          "GraphQL.Client.Abstractions.Websocket": "6.1.0",
          "System.Reactive": "6.0.0"
        }
      },
      "GraphQL.Client.Serializer.SystemTextJson": {
        "type": "Direct",
        "requested": "[6.1.0, )",
        "resolved": "6.1.0",
        "contentHash": "9NoK4aFbSoKy+k2DaetliutrMbDSaKSDfhIaYU7NhqQXVE02eobpL2JxG4HBwxTqwzEonsbcew3i/g1cE9QucQ==",
        "dependencies": {
          "GraphQL.Client.Abstractions.Websocket": "6.1.0"
        }
      },
      "GraphQL.MemoryCache": {
        "type": "Direct",
        "requested": "[8.8.2, )",
        "resolved": "8.8.2",
        "contentHash": "DpLGyLrrpeHG0mcmE+ZPTwvlsPm2Kp4qeaOQ4Qvz87Yh7+20C1H7RCx/nfXO9rOS2cljdi93KIl9RpBSSFIAOA==",
        "dependencies": {
          "GraphQL": "[8.8.2, 9.0.0)"
        }
      },
      "GraphQL.Server.All": {
        "type": "Direct",
        "requested": "[8.3.3, )",
        "resolved": "8.3.3",
        "contentHash": "xU6gMpJb5LX/FQ1k/BuKqN0IjLT25v8h05lfqAwYCidM+rgJnBf8zhx3ctJBnuMbFuyWXqu15USmSaIqOw2weA==",
        "dependencies": {
          "GraphQL.DataLoader": "[8.3.0, 9.0.0)",
          "GraphQL.MemoryCache": "[8.3.0, 9.0.0)",
          "GraphQL.Server.Transports.AspNetCore": "[8.3.3, 9.0.0)",
          "GraphQL.Server.Ui.Altair": "8.3.3",
          "GraphQL.Server.Ui.GraphiQL": "8.3.3",
          "GraphQL.Server.Ui.Playground": "8.3.3",
          "GraphQL.Server.Ui.Voyager": "8.3.3"
        }
      },
      "Microsoft.Extensions.Http.Resilience": {
        "type": "Direct",
        "requested": "[10.1.0, )",
        "resolved": "10.1.0",
        "contentHash": "rwDoQBB93yQjd1XtcZBnOLRX23LW7Z49TIAp1sn7i2r/pW3y4iB8E+EEL0ZyOPuEZxT9xEVN9y39KWlG1FDPkQ==",
        "dependencies": {
          "Microsoft.Extensions.Http.Diagnostics": "10.1.0",
          "Microsoft.Extensions.Resilience": "10.1.0"
        }
      },
      "Serilog.AspNetCore": {
        "type": "Direct",
        "requested": "[10.0.0, )",
        "resolved": "10.0.0",
        "contentHash": "a/cNa1mY4On1oJlfGG1wAvxjp5g7OEzk/Jf/nm7NF9cWoE7KlZw1GldrifUBWm9oKibHkR7Lg/l5jy3y7ACR8w==",
        "dependencies": {
          "Serilog": "4.3.0",
          "Serilog.Extensions.Hosting": "10.0.0",
          "Serilog.Formatting.Compact": "3.0.0",
          "Serilog.Settings.Configuration": "10.0.0",
          "Serilog.Sinks.Console": "6.1.1",
          "Serilog.Sinks.Debug": "3.0.0",
          "Serilog.Sinks.File": "7.0.0"
        }
      },
      "Serilog.Settings.AppSettings": {
        "type": "Direct",
        "requested": "[3.0.0, )",
        "resolved": "3.0.0",
        "contentHash": "EWn+uHDDacNfl3qTdU68BrvN4oSJI6oAO08WP5o5vmfyl5VaAGrqiZXsZZUjEoUc7KjUXRnIiLNiDkLTXOKRZA==",
        "dependencies": {
          "Serilog": "4.0.0",
          "System.Configuration.ConfigurationManager": "4.4.1"
        }
      },
      "System.CommandLine": {
        "type": "Direct",
        "requested": "[2.0.1, )",
        "resolved": "2.0.1",
        "contentHash": "GLc43eDFq8KbpxIb7UhTwV0vC5CzB0NspJvfFbfhoW4O057xCJXuO18KLpVn9x3JykQn2mRske6+I6JXHwqmDg=="
      },
      "GraphQL": {
        "type": "Transitive",
        "resolved": "8.8.2",
        "contentHash": "BcBPOls4K1sc7UfmYSCay8ON7CbBep82GTiDGmGDSP90XA8WpQ7MxmSFZr+NSSbYBTtOMZ6LeJf46crIGoa+iw==",
        "dependencies": {
          "GraphQL-Parser": "9.5.0",
          "GraphQL.Analyzers": "8.8.2"
        }
      },
      "GraphQL.Analyzers": {
        "type": "Transitive",
        "resolved": "8.8.2",
        "contentHash": "AeCT0yJhjBziz0DEtF9bp6HIjDL4XI05U4GhGRLk0G1IINPdthC1hUQevxc9mRssFI2zPLEMrUlWfvif1AMzEA=="
      },
      "GraphQL.Client.Abstractions": {
        "type": "Transitive",
        "resolved": "6.1.0",
        "contentHash": "Za31wjKLEeROZYJmp0Lmj/TLQ1Yw6x6QM0JHABcuyMC3OSopr34ufayrtdxtbL1a3129FTVFKOFC0hcooSQoJQ==",
        "dependencies": {
          "GraphQL.Primitives": "6.1.0"
        }
      },
      "GraphQL.Client.Abstractions.Websocket": {
        "type": "Transitive",
        "resolved": "6.1.0",
        "contentHash": "PjdG3q4MzPsa5NiBOBhuIRMRTo59der5bFmX2r1gSS3RIjytwpooxF2RffFCBh16sqbwuH1/dllDcNG+EJt1qA==",
        "dependencies": {
          "GraphQL.Client.Abstractions": "6.1.0"
        }
      },
      "GraphQL.DataLoader": {
        "type": "Transitive",
        "resolved": "8.3.0",
        "contentHash": "yUrYXWzD30u5SUm52xV+85/A6dAexxVMNbJmRnSXueuSpsgV5iHv+hf59+P/T9rHQ85eAYl43jwrqPzNjqt1LA==",
        "dependencies": {
          "GraphQL": "[8.3.0, 9.0.0)"
        }
      },
      "GraphQL.MicrosoftDI": {
        "type": "Transitive",
        "resolved": "8.3.0",
        "contentHash": "xpveJ7cS2f+2BNPtVkjv7UuGvZH+I2Iyik8UMrlipU5diABTnM4NCmcg46qu8rv2xu/DMpiYmQU6q/h5YBWs1g==",
        "dependencies": {
          "GraphQL": "[8.3.0, 9.0.0)"
        }
      },
      "GraphQL.Primitives": {
        "type": "Transitive",
        "resolved": "6.1.0",
        "contentHash": "L8yQ70Wd9p8hMJvnmpgyZfr2R6Q7S0/lPyEBI1tacJa5XzsoJSVtHdmfsMaHyufwk03hlUsBXgNerAs66kxHdA=="
      },
      "GraphQL.Server.Transports.AspNetCore": {
        "type": "Transitive",
        "resolved": "8.3.3",
        "contentHash": "esZAAOW7ODb5jgdPeaUNplKjfBpnkC2x3VrjsGzi9rBgwo9/BKjm/ozEqp4InkN6PNHvQHKvzapHiZHtg0IfkA==",
        "dependencies": {
          "GraphQL.MicrosoftDI": "[8.3.0, 9.0.0)",
          "GraphQL.SystemTextJson": "[8.3.0, 9.0.0)"
        }
      },
      "GraphQL.Server.Ui.Altair": {
        "type": "Transitive",
        "resolved": "8.3.3",
        "contentHash": "8uZk9sso27rReeoa9QSPRzb0X6CPwumeBl9eiaq+kzHZdxr+F2Pxx+sFBaqB+BWT56Ns/sdsA+3Yowh5Nc0+ag=="
      },
      "GraphQL.Server.Ui.GraphiQL": {
        "type": "Transitive",
        "resolved": "8.3.3",
        "contentHash": "1Ib7bofSVljt7nvOIKfjnil1xL+RZxDNO5Qdh+6/9QeqTRz2PxqsG6QnavqT0F4isFYzpd9w8o0JIMHH+11DCQ=="
      },
      "GraphQL.Server.Ui.Playground": {
        "type": "Transitive",
        "resolved": "8.3.3",
        "contentHash": "24RLRf2SPG2C2qULU4abY1nZbj8XCvHisllh4696n/f13uDp7rdqnLSMaSGRAmVDuOqerPqYuU6LnG4jwCy5aA=="
      },
      "GraphQL.Server.Ui.Voyager": {
        "type": "Transitive",
        "resolved": "8.3.3",
        "contentHash": "+nFjo+GADimEgT9dPjzx70RtBgpW7D73nSXc+poCd5NoB2lj0b0U6u4sGmuVQxheHxmCte3RRyMXl3paw39B1A=="
      },
      "GraphQL.SystemTextJson": {
        "type": "Transitive",
        "resolved": "8.3.0",
        "contentHash": "iyHgrdhX+aumMb6h6u4oy8kJpyt0+maIGJEeWEoEDPN6uHHv6Xnxkcu5+6NvG3c4reEkhewvRCuQ1ns5DevIsQ==",
        "dependencies": {
          "GraphQL": "[8.3.0, 9.0.0)"
        }
      },
      "Microsoft.Extensions.AmbientMetadata.Application": {
        "type": "Transitive",
        "resolved": "10.1.0",
        "contentHash": "+T2Ax2fgw7T7nlhio+ZtgSyYGfevHCOXNPqO0vxA+f2HmbtfwAnIwHEE/jm1/4uFRDDP8PEENpxAhbucg+wUWg=="
      },
      "Microsoft.Extensions.Compliance.Abstractions": {
        "type": "Transitive",
        "resolved": "10.1.0",
        "contentHash": "M3JWrgZMkVzyEybZzNkTiC/e8U1ipXTi8xm8bj+PHHp4AcEmhmIEqnxRS0VHVCKZjLkOPt2hY2CIisUFQ6gqLA=="
      },
      "Microsoft.Extensions.DependencyInjection.AutoActivation": {
        "type": "Transitive",
        "resolved": "10.1.0",
        "contentHash": "O052pqWkdVNXaj3n9E4x6nLL7sG860434gLh7XHhFp/KpyAY9/rCk9NJUinYfQnDkAA8UgCHimVZz+lTjnEwzQ=="
      },
      "Microsoft.Extensions.DependencyModel": {
        "type": "Transitive",
        "resolved": "10.0.0",
        "contentHash": "RFYJR7APio/BiqdQunRq6DB+nDB6nc2qhHr77mlvZ0q0BT8PubMXN7XicmfzCbrDE/dzhBnUKBRXLTcqUiZDGg=="
      },
      "Microsoft.Extensions.Diagnostics.ExceptionSummarization": {
        "type": "Transitive",
        "resolved": "10.1.0",
        "contentHash": "Q76peCoP6vXXf95RLFeMGzcaQs8l3lk+n/ZOTi2i+OLd3R0HzzB0Fswjua4NY1viIbA1s6l1mqRjQbxY7+Jylw=="
      },
      "Microsoft.Extensions.Http.Diagnostics": {
        "type": "Transitive",
        "resolved": "10.1.0",
        "contentHash": "RA1Egggf5o7/5AI5TIxOmmV7T06X2jvA9nSlJazU++X/pgu48EDAjDflTq/+kAk0FHUm9ZpAiBVdWfOP2opAbQ==",
        "dependencies": {
          "Microsoft.Extensions.Telemetry": "10.1.0"
        }
      },
      "Microsoft.Extensions.Resilience": {
        "type": "Transitive",
        "resolved": "10.1.0",
        "contentHash": "NzA+c4m2q92qZPjiZLFm+ToeQC3KFqzP+Dr/1pV5y9d7H/hDM2Yxno0kcw5DGpSvS0s6Pwsp+FWMdk/kXBPZ7g==",
        "dependencies": {
          "Microsoft.Extensions.Diagnostics.ExceptionSummarization": "10.1.0",
          "Microsoft.Extensions.Telemetry.Abstractions": "10.1.0",
          "Polly.Extensions": "8.4.2",
          "Polly.RateLimiting": "8.4.2"
        }
      },
      "Microsoft.Extensions.Telemetry": {
        "type": "Transitive",
        "resolved": "10.1.0",
        "contentHash": "OFnpwOBRZZXMMySvM7eJsEQ87ED5SaRbxHg/an1u89MWHw0mXUUbx5WPb5XFN0uS8kJPe6M+ZMRYwRP0nJeDPA==",
        "dependencies": {
          "Microsoft.Extensions.AmbientMetadata.Application": "10.1.0",
          "Microsoft.Extensions.DependencyInjection.AutoActivation": "10.1.0",
          "Microsoft.Extensions.Telemetry.Abstractions": "10.1.0"
        }
      },
      "Microsoft.Extensions.Telemetry.Abstractions": {
        "type": "Transitive",
        "resolved": "10.1.0",
        "contentHash": "0jAF2b0YJ1LOtunmo3PzSoJOx/ThhcGH5Y5kaV0jeM0BUlyr9orjg+fH5YabqnPSmwcN/DSTj0iZ7UwDISn5ag==",
        "dependencies": {
          "Microsoft.Extensions.Compliance.Abstractions": "10.1.0"
        }
      },
      "Polly.Core": {
        "type": "Transitive",
        "resolved": "8.4.2",
        "contentHash": "BpE2I6HBYYA5tF0Vn4eoQOGYTYIK1BlF5EXVgkWGn3mqUUjbXAr13J6fZVbp7Q3epRR8yshacBMlsHMhpOiV3g=="
      },
      "Polly.Extensions": {
        "type": "Transitive",
        "resolved": "8.4.2",
        "contentHash": "GZ9vRVmR0jV2JtZavt+pGUsQ1O1cuRKG7R7VOZI6ZDy9y6RNPvRvXK1tuS4ffUrv8L0FTea59oEuQzgS0R7zSA==",
        "dependencies": {
          "Polly.Core": "8.4.2"
        }
      },
      "Polly.RateLimiting": {
        "type": "Transitive",
        "resolved": "8.4.2",
        "contentHash": "ehTImQ/eUyO07VYW2WvwSmU9rRH200SKJ/3jku9rOkyWE0A2JxNFmAVms8dSn49QLSjmjFRRSgfNyOgr/2PSmA==",
        "dependencies": {
          "Polly.Core": "8.4.2"
        }
      },
      "Serilog": {
        "type": "Transitive",
        "resolved": "4.3.0",
        "contentHash": "+cDryFR0GRhsGOnZSKwaDzRRl4MupvJ42FhCE4zhQRVanX0Jpg6WuCBk59OVhVDPmab1bB+nRykAnykYELA9qQ=="
      },
      "Serilog.Extensions.Hosting": {
        "type": "Transitive",
        "resolved": "10.0.0",
        "contentHash": "E7juuIc+gzoGxgzFooFgAV8g9BfiSXNKsUok9NmEpyAXg2odkcPsMa/Yo4axkJRlh0se7mkYQ1GXDaBemR+b6w==",
        "dependencies": {
          "Serilog": "4.3.0",
          "Serilog.Extensions.Logging": "10.0.0"
        }
      },
      "Serilog.Extensions.Logging": {
        "type": "Transitive",
        "resolved": "10.0.0",
        "contentHash": "vx0kABKl2dWbBhhqAfTOk53/i8aV/5VaT3a6il9gn72Wqs2pM7EK2OB6No6xdqK2IaY6Zf9gdjLuK9BVa2rT+Q==",
        "dependencies": {
          "Serilog": "4.2.0"
        }
      },
      "Serilog.Formatting.Compact": {
        "type": "Transitive",
        "resolved": "3.0.0",
        "contentHash": "wQsv14w9cqlfB5FX2MZpNsTawckN4a8dryuNGbebB/3Nh1pXnROHZov3swtu3Nj5oNG7Ba+xdu7Et/ulAUPanQ==",
        "dependencies": {
          "Serilog": "4.0.0"
        }
      },
      "Serilog.Settings.Configuration": {
        "type": "Transitive",
        "resolved": "10.0.0",
        "contentHash": "LNq+ibS1sbhTqPV1FIE69/9AJJbfaOhnaqkzcjFy95o+4U+STsta9mi97f1smgXsWYKICDeGUf8xUGzd/52/uA==",
        "dependencies": {
          "Microsoft.Extensions.DependencyModel": "10.0.0",
          "Serilog": "4.3.0"
        }
      },
      "Serilog.Sinks.Console": {
        "type": "Transitive",
        "resolved": "6.1.1",
        "contentHash": "8jbqgjUyZlfCuSTaJk6lOca465OndqOz3KZP6Cryt/IqZYybyBu7GP0fE/AXBzrrQB3EBmQntBFAvMVz1COvAA==",
        "dependencies": {
          "Serilog": "4.0.0"
        }
      },
      "Serilog.Sinks.Debug": {
        "type": "Transitive",
        "resolved": "3.0.0",
        "contentHash": "4BzXcdrgRX7wde9PmHuYd9U6YqycCC28hhpKonK7hx0wb19eiuRj16fPcPSVp0o/Y1ipJuNLYQ00R3q2Zs8FDA==",
        "dependencies": {
          "Serilog": "4.0.0"
        }
      },
      "Serilog.Sinks.File": {
        "type": "Transitive",
        "resolved": "7.0.0",
        "contentHash": "fKL7mXv7qaiNBUC71ssvn/dU0k9t0o45+qm2XgKAlSt19xF+ijjxyA3R6HmCgfKEKwfcfkwWjayuQtRueZFkYw==",
        "dependencies": {
          "Serilog": "4.2.0"
        }
      },
      "System.Configuration.ConfigurationManager": {
        "type": "Transitive",
        "resolved": "4.4.1",
        "contentHash": "jz3TWKMAeuDEyrPCK5Jyt4bzQcmzUIMcY9Ud6PkElFxTfnsihV+9N/UCqvxe1z5gc7jMYAnj7V1COMS9QKIuHQ==",
        "dependencies": {
          "System.Security.Cryptography.ProtectedData": "4.4.0"
        }
      },
      "System.Reactive": {
        "type": "Transitive",
        "resolved": "6.0.0",
        "contentHash": "31kfaW4ZupZzPsI5PVe77VhnvFF55qgma7KZr/E0iFTs6fmdhhG8j0mgEx620iLTey1EynOkEfnyTjtNEpJzGw=="
      },
      "System.Security.Cryptography.ProtectedData": {
        "type": "Transitive",
        "resolved": "4.4.0",
        "contentHash": "cJV7ScGW7EhatRsjehfvvYVBvtiSMKgN8bOVI0bQhnF5bU7vnHVIsH49Kva7i7GWaWYvmEzkYVk1TC+gZYBEog=="
      }
    }
  }
}